{
    "_meta": {
        "hash": {
            "sha256": "ba1a3fb49d56d321bceda050ebb9f4a9c3cb23a5e0880d4fcd63cea40b4c2f08"
        },
        "pipfile-spec": 6,
        "requires": {
            "python_version": "3.9"
        },
        "sources": [
            {
                "name": "pypi",
                "url": "https://pypi.org/simple",
                "verify_ssl": true
            }
        ]
    },
    "default": {
        "altgraph": {
            "hashes": [
                "sha256:743628f2ac6a7c26f5d9223c91ed8ecbba535f506f4b6f558885a8a56a105857",
                "sha256:ebf2269361b47d97b3b88e696439f6e4cbc607c17c51feb1754f90fb79839158"
            ],
            "version": "==0.17.2"
        },
        "certifi": {
            "hashes": [
                "sha256:78884e7c1d4b00ce3cea67b44566851c4343c120abd683433ce934a68ea58872",
                "sha256:d62a0163eb4c2344ac042ab2bdf75399a71a2d8c7d47eac2e2ee91b9d6339569"
            ],
            "version": "==2021.10.8"
        },
        "chardet": {
            "hashes": [
                "sha256:0d6f53a15db4120f2b08c94f11e7d93d2c911ee118b6b30a04ec3ee8310179fa",
                "sha256:f864054d66fd9118f2e67044ac8981a54775ec5b67aed0441892edb553d21da5"
            ],
            "index": "pypi",
            "version": "==4.0.0"
        },
        "charset-normalizer": {
            "hashes": [
                "sha256:1eecaa09422db5be9e29d7fc65664e6c33bd06f9ced7838578ba40d58bdf3721",
                "sha256:b0b883e8e874edfdece9c28f314e3dd5badf067342e42fb162203335ae61aa2c"
            ],
            "markers": "python_version >= '3'",
            "version": "==2.0.9"
        },
        "idna": {
            "hashes": [
                "sha256:84d9dd047ffa80596e0f246e2eab0b391788b0503584e8945f2368256d2735ff",
                "sha256:9d643ff0a55b762d5cdb124b8eaa99c66322e2157b69160bc32796e824360e6d"
            ],
            "markers": "python_version >= '3'",
            "version": "==3.3"
        },
        "macholib": {
            "hashes": [
                "sha256:1542c41da3600509f91c165cb897e7e54c0e74008bd8da5da7ebbee519d593d2",
                "sha256:885613dd02d3e26dbd2b541eb4cc4ce611b841f827c0958ab98656e478b9e6f6"
            ],
            "markers": "sys_platform == 'darwin'",
            "version": "==1.15.2"
        },
        "pyinstaller": {
            "hashes": [
                "sha256:03636feec822de1d23d9753054f0b1229fb23d58723ae796f41b1127fc54f572",
                "sha256:0f488407108dd4e0531576552514889b2d5620367c81a177dfbe1eb628ad7a8c",
                "sha256:2c7f4810dc5272ec1b388a7f1ff6b56d38653c1b0c9ac2d9dd54fa06b590e372",
                "sha256:5a130e2cf694975787026db1839b53c833b8d4922d850703c7076a06774cb6af",
                "sha256:7942ac8043e538422fe9c6733fe201e4d765d31ad13ff40bcc7b9bf4c2d0ad64",
                "sha256:ba410e9aadae61aa9172d56180ca381b3ad7abd721a31495db21cc82ede4003b",
                "sha256:c766e1d643f8820fe70d12c3690911bc43556ae97e12885e2925fa43bc1e7649",
                "sha256:c8d3b4e64b0e6c1c837b5215077675796a7d95679245b40843343d647465fb69",
                "sha256:fea70754a8cdca04763d0cdbbb9b8b07854355232c8f512bc7211e2c07361c06"
            ],
            "index": "pypi",
            "version": "==4.7"
        },
        "pyinstaller-hooks-contrib": {
            "hashes": [
                "sha256:60a57e4057fa2183bbaa81f10401a27eb7dd701ef8a11b287bb6345b571f94e7",
                "sha256:775b52200b39e12c95cc24f809eb050a97110fee819d178ebfde214f0f51e5f4"
            ],
            "version": "==2021.4"
        },
        "pyqt6": {
            "hashes": [
                "sha256:6f983a42239a6b7829ceff718ea943b8034f8d9e5d796a0fcfda0bc53fbaf8e9",
                "sha256:9325a0f51c08e37340d916d2723daf9a25c844dac99d71d6c5aacb4f6ee00171",
                "sha256:e9d56e25d307c50a8f21c2f210ddada661fac6ffd882deea82b50127919823fd",
                "sha256:eda7a54f47d70377f95d0aafccfca83a7f5a6895f020d38986dfa96aa8b0883c"
            ],
            "markers": "python_full_version >= '3.6.1'",
            "version": "==6.2.2"
        },
        "pyqt6-qt6": {
            "hashes": [
                "sha256:47515bf682748a42f41b9df8cc3854d29802199357ea76d39ece55679f390fe6",
                "sha256:8cac87d50a8afd0f3af1a3dd7b32e508bb5fd2a7149a272a84f922c63f5af6f3",
                "sha256:b3a3113f3a89d16ea204b99868adc33688559746260e8a2396b2edc9779eb37c",
                "sha256:c26076c16eb1743f10179a62567d47c1cbda43ac45a1759d2e96563c52d8e41c"
            ],
            "version": "==6.2.2"
        },
        "pyqt6-sip": {
            "hashes": [
                "sha256:0baa53e464667b289ee157024e244fd9fa190101ec74eae30d17f0692f6af8cd",
                "sha256:10e6c5d0004308efcbe8826ff0b8faf6e6f60c9e906cffeb26834e18e6340ed4",
                "sha256:121b887e40daac64f139ce3d7fc7b1d549ce75d423c6c174abbdf6ec7ab5d636",
                "sha256:12d43e55ec5ce70260097c19ff95942d2d329ba8c81fe140e5e9af08cbcfcb9c",
                "sha256:149e91b372037765b18e728e68facdb2f072fbf043f76a5a424d2fa78af13163",
                "sha256:5f4b4ce20ff851fbf19cc7777485ac531171308705b1b36305cd71680686941f",
                "sha256:66f3bf78d6bb084d10261111c3a7aa7c4125d73006b763544c81278468e9aa9d",
                "sha256:6a12210e8547a8d8f9926fc3773e2c83db4511f9ac8bdec0b11b08a751262474",
                "sha256:9b79ca8554e40d70783ab7f7f6e16043ffd6c1d6cc14da5eba6ba474a7002233",
                "sha256:a0dcd554d00e025c844427860336fab8179173e181717a895af234f0279236f9",
                "sha256:abb26230a444f3b65396c3612af5db4f96a6765a56026078b7b45c8fb8bc1693",
                "sha256:cc92d5fc57a9192f269a622c340551ad9cde6d7a282273ccb3c64cd742f73760",
                "sha256:cda533d545414576e2d88d106c03eaf340bf8897388277838f9f2ffa6e2a7492",
                "sha256:d44e69ed4dc208c6cd791be8c54d8d656e1d395fe537bd1320f01b8ab3edec0f",
                "sha256:e7c8093a6ef36395353a32df026745254b1ebdfcd490f746307d84ba67bcd93a",
                "sha256:f8a65a876b70fc1c4eb95de74e133c81c146f08ad0e04877e16af8e3798b9d50"
            ],
            "markers": "python_version >= '3.6'",
            "version": "==13.2.0"
        },
        "pyqt6-webengine": {
            "hashes": [
                "sha256:52c65c70050f19e4d38bd9e91667a2d87c595c854b3ba162d863e3c05f696957",
                "sha256:6f6d7cb612f20d1f1f8ea1bbe7ebb8bbaa3f7fcd56f0e9c41582851998be20c3",
                "sha256:97d4b43f0959458adc119511d22a12814416a3bf8bc78f246068fdd54a6fd2b3",
                "sha256:aa2c8e93f99756f1ec5a703d3131605294c6603869e50204ae5a5f52ea15ec2f"
            ],
            "index": "pypi",
            "version": "==6.2.1"
        },
        "pyqt6-webengine-qt6": {
            "hashes": [
                "sha256:8449cec1492085bf0e6168c02e9c0255f66c67cdbdbb4c06d9f0c398f44d4b0d",
                "sha256:8f83d93b58ea4f13f03ba2c82820a3ade2942f59240191f8153ee4d1e8221e6b",
                "sha256:b88b913a4bff6246cf57ed5b2067d4dd16502502c2c97b9c63257156beeaa39c",
                "sha256:f7d42669c484dc65dac7b4833d7638b888603fdd127b7adc2e5c3b0eaa43ff9b"
            ],
            "version": "==6.2.2"
        },
        "requests": {
            "hashes": [
                "sha256:6c1246513ecd5ecd4528a0906f910e8f0f9c6b8ec72030dc9fd154dc1a6efd24",
                "sha256:b8aa58f8cf793ffd8782d3d8cb19e66ef36f7aba4353eec859e74678b01b07a7"
            ],
            "index": "pypi",
            "version": "==2.26.0"
        },
        "setuptools": {
            "hashes": [
                "sha256:22c7348c6d2976a52632c67f7ab0cdf40147db7789f9aed18734643fe9cf3373",
                "sha256:4ce92f1e1f8f01233ee9952c04f6b81d1e02939d6e1b488428154974a4d0783e"
            ],
            "markers": "python_version >= '3.6'",
            "version": "==59.6.0"
        },
        "urllib3": {
            "hashes": [
                "sha256:4987c65554f7a2dbf30c18fd48778ef124af6fab771a377103da0585e2336ece",
                "sha256:c4fdf4019605b6e5423637e01bc9fe4daef873709a7973e195ceba0a62bbc844"
            ],
            "index": "pypi",
            "version": "==1.26.7"
        }
    },
    "develop": {}
}
